
Microsoft Visual Studio Solution File, Format Version 12.00
# Visual Studio Version 17
VisualStudioVersion = 17.6.33723.286
MinimumVisualStudioVersion = 10.0.40219.1
Project("{FAE04EC0-301F-11D3-BF4B-00C04F79EFBC}") = "TrialProjectMVC", "TrialProjectMVC\TrialProjectMVC.csproj", "{B5B4885B-5755-4A32-9402-AFB93CD60314}"
EndProject
Global
	GlobalSection(SolutionConfigurationPlatforms) = preSolution
		Debug|Any CPU = Debug|Any CPU
		Release|Any CPU = Release|Any CPU
	EndGlobalSection
	GlobalSection(ProjectConfigurationPlatforms) = postSolution
		{B5B4885B-5755-4A32-9402-AFB93CD60314}.Debug|Any CPU.ActiveCfg = Debug|Any CPU
		{B5B4885B-5755-4A32-9402-AFB93CD60314}.Debug|Any CPU.Build.0 = Debug|Any CPU
		{B5B4885B-5755-4A32-9402-AFB93CD60314}.Release|Any CPU.ActiveCfg = Release|Any CPU
		{B5B4885B-5755-4A32-9402-AFB93CD60314}.Release|Any CPU.Build.0 = Release|Any CPU
	EndGlobalSection
	GlobalSection(SolutionProperties) = preSolution
		HideSolutionNode = FALSE
	EndGlobalSection
	GlobalSection(ExtensibilityGlobals) = postSolution
		SolutionGuid = {23B63560-70C5-4A9A-B156-6A3AC2F0CB2B}
	EndGlobalSection
EndGlobal
